{
  "nodes": {
    "nixpkgs": {
      "locked": {
        "lastModified": 1651074620,
        "narHash": "sha256-fdLzFuRs5CihrOEz6N36wmc2TgnQwHJORjRMKEt+k9k=",
        "owner": "NixOS",
        "repo": "nixpkgs",
        "rev": "28b155323e95059ed6ba3f67361e6bb6ca85bdfe",
        "type": "github"
      },
      "original": {
        "owner": "NixOS",
        "ref": "nixos-unstable-small",
        "repo": "nixpkgs",
        "type": "github"
      }
    },
    "root": {
      "inputs": {
        "nixpkgs": "nixpkgs"
      }
    }
  },
  "root": "root",
  "version": 7
}
